// !$*UTF8*$!
{
	archiveVersion = 1;
	classes = {
	};
	objectVersion = 50;
	objects = {

/* Begin PBXBuildFile section */
		0430C3DE2263027600BBF6F3 /* Item.swift in Sources */ = {isa = PBXBuildFile; fileRef = 0430C3DD2263027600BBF6F3 /* Item.swift */; };
		04F183042262CB7400F9761A /* AppDelegate.swift in Sources */ = {isa = PBXBuildFile; fileRef = 04F183032262CB7400F9761A /* AppDelegate.swift */; };
		04F183062262CB7400F9761A /* TodoListViewController.swift in Sources */ = {isa = PBXBuildFile; fileRef = 04F183052262CB7400F9761A /* TodoListViewController.swift */; };
		04F183092262CB7400F9761A /* Main.storyboard in Resources */ = {isa = PBXBuildFile; fileRef = 04F183072262CB7400F9761A /* Main.storyboard */; };
		04F1830B2262CB7600F9761A /* Assets.xcassets in Resources */ = {isa = PBXBuildFile; fileRef = 04F1830A2262CB7600F9761A /* Assets.xcassets */; };
		04F1830E2262CB7600F9761A /* LaunchScreen.storyboard in Resources */ = {isa = PBXBuildFile; fileRef = 04F1830C2262CB7600F9761A /* LaunchScreen.storyboard */; };
		04F183192262CB7600F9761A /* TODOTests.swift in Sources */ = {isa = PBXBuildFile; fileRef = 04F183182262CB7600F9761A /* TODOTests.swift */; };
		04F183242262CB7600F9761A /* TODOUITests.swift in Sources */ = {isa = PBXBuildFile; fileRef = 04F183232262CB7600F9761A /* TODOUITests.swift */; };
/* End PBXBuildFile section */

/* Begin PBXContainerItemProxy section */
		04F183152262CB7600F9761A /* PBXContainerItemProxy */ = {
			isa = PBXContainerItemProxy;
			containerPortal = 04F182F82262CB7400F9761A /* Project object */;
			proxyType = 1;
			remoteGlobalIDString = 04F182FF2262CB7400F9761A;
			remoteInfo = TODO;
		};
		04F183202262CB7600F9761A /* PBXContainerItemProxy */ = {
			isa = PBXContainerItemProxy;
			containerPortal = 04F182F82262CB7400F9761A /* Project object */;
			proxyType = 1;
			remoteGlobalIDString = 04F182FF2262CB7400F9761A;
			remoteInfo = TODO;
		};
/* End PBXContainerItemProxy section */

/* Begin PBXFileReference section */
		0430C3DD2263027600BBF6F3 /* Item.swift */ = {isa = PBXFileReference; lastKnownFileType = sourcecode.swift; path = Item.swift; sourceTree = "<group>"; };
		04F183002262CB7400F9761A /* TODO.app */ = {isa = PBXFileReference; explicitFileType = wrapper.application; includeInIndex = 0; path = TODO.app; sourceTree = BUILT_PRODUCTS_DIR; };
		04F183032262CB7400F9761A /* AppDelegate.swift */ = {isa = PBXFileReference; lastKnownFileType = sourcecode.swift; path = AppDelegate.swift; sourceTree = "<group>"; };
		04F183052262CB7400F9761A /* TodoListViewController.swift */ = {isa = PBXFileReference; lastKnownFileType = sourcecode.swift; path = TodoListViewController.swift; sourceTree = "<group>"; };
		04F183082262CB7400F9761A /* Base */ = {isa = PBXFileReference; lastKnownFileType = file.storyboard; name = Base; path = Base.lproj/Main.storyboard; sourceTree = "<group>"; };
		04F1830A2262CB7600F9761A /* Assets.xcassets */ = {isa = PBXFileReference; lastKnownFileType = folder.assetcatalog; path = Assets.xcassets; sourceTree = "<group>"; };
		04F1830D2262CB7600F9761A /* Base */ = {isa = PBXFileReference; lastKnownFileType = file.storyboard; name = Base; path = Base.lproj/LaunchScreen.storyboard; sourceTree = "<group>"; };
		04F1830F2262CB7600F9761A /* Info.plist */ = {isa = PBXFileReference; lastKnownFileType = text.plist.xml; path = Info.plist; sourceTree = "<group>"; };
		04F183142262CB7600F9761A /* TODOTests.xctest */ = {isa = PBXFileReference; explicitFileType = wrapper.cfbundle; includeInIndex = 0; path = TODOTests.xctest; sourceTree = BUILT_PRODUCTS_DIR; };
		04F183182262CB7600F9761A /* TODOTests.swift */ = {isa = PBXFileReference; lastKnownFileType = sourcecode.swift; path = TODOTests.swift; sourceTree = "<group>"; };
		04F1831A2262CB7600F9761A /* Info.plist */ = {isa = PBXFileReference; lastKnownFileType = text.plist.xml; path = Info.plist; sourceTree = "<group>"; };
		04F1831F2262CB7600F9761A /* TODOUITests.xctest */ = {isa = PBXFileReference; explicitFileType = wrapper.cfbundle; includeInIndex = 0; path = TODOUITests.xctest; sourceTree = BUILT_PRODUCTS_DIR; };
		04F183232262CB7600F9761A /* TODOUITests.swift */ = {isa = PBXFileReference; lastKnownFileType = sourcecode.swift; path = TODOUITests.swift; sourceTree = "<group>"; };
		04F183252262CB7600F9761A /* Info.plist */ = {isa = PBXFileReference; lastKnownFileType = text.plist.xml; path = Info.plist; sourceTree = "<group>"; };
/* End PBXFileReference section */

/* Begin PBXFrameworksBuildPhase section */
		04F182FD2262CB7400F9761A /* Frameworks */ = {
			isa = PBXFrameworksBuildPhase;
			buildActionMask = 2147483647;
			files = (
			);
			runOnlyForDeploymentPostprocessing = 0;
		};
		04F183112262CB7600F9761A /* Frameworks */ = {
			isa = PBXFrameworksBuildPhase;
			buildActionMask = 2147483647;
			files = (
			);
			runOnlyForDeploymentPostprocessing = 0;
		};
		04F1831C2262CB7600F9761A /* Frameworks */ = {
			isa = PBXFrameworksBuildPhase;
			buildActionMask = 2147483647;
			files = (
			);
			runOnlyForDeploymentPostprocessing = 0;
		};
/* End PBXFrameworksBuildPhase section */

/* Begin PBXGroup section */
		0430C3DC2263025E00BBF6F3 /* Data Model */ = {
			isa = PBXGroup;
			children = (
				0430C3DD2263027600BBF6F3 /* Item.swift */,
			);
			path = "Data Model";
			sourceTree = "<group>";
		};
		0430C3DF226302A100BBF6F3 /* Controllers */ = {
			isa = PBXGroup;
			children = (
				04F183052262CB7400F9761A /* TodoListViewController.swift */,
			);
			path = Controllers;
			sourceTree = "<group>";
		};
		0430C3E0226302BB00BBF6F3 /* View */ = {
			isa = PBXGroup;
			children = (
				04F183072262CB7400F9761A /* Main.storyboard */,
				04F1830C2262CB7600F9761A /* LaunchScreen.storyboard */,
			);
			path = View;
			sourceTree = "<group>";
		};
		0430C3E1226302E400BBF6F3 /* Supporting Files */ = {
			isa = PBXGroup;
			children = (
				04F183032262CB7400F9761A /* AppDelegate.swift */,
			);
			path = "Supporting Files";
			sourceTree = "<group>";
		};
		04F182F72262CB7400F9761A = {
			isa = PBXGroup;
			children = (
				04F183022262CB7400F9761A /* TODO */,
				04F183172262CB7600F9761A /* TODOTests */,
				04F183222262CB7600F9761A /* TODOUITests */,
				04F183012262CB7400F9761A /* Products */,
			);
			sourceTree = "<group>";
		};
		04F183012262CB7400F9761A /* Products */ = {
			isa = PBXGroup;
			children = (
				04F183002262CB7400F9761A /* TODO.app */,
				04F183142262CB7600F9761A /* TODOTests.xctest */,
				04F1831F2262CB7600F9761A /* TODOUITests.xctest */,
			);
			name = Products;
			sourceTree = "<group>";
		};
		04F183022262CB7400F9761A /* TODO */ = {
			isa = PBXGroup;
			children = (
				0430C3E1226302E400BBF6F3 /* Supporting Files */,
				0430C3E0226302BB00BBF6F3 /* View */,
				0430C3DF226302A100BBF6F3 /* Controllers */,
				0430C3DC2263025E00BBF6F3 /* Data Model */,
				04F1830A2262CB7600F9761A /* Assets.xcassets */,
				04F1830F2262CB7600F9761A /* Info.plist */,
			);
			path = TODO;
			sourceTree = "<group>";
		};
		04F183172262CB7600F9761A /* TODOTests */ = {
			isa = PBXGroup;
			children = (
				04F183182262CB7600F9761A /* TODOTests.swift */,
				04F1831A2262CB7600F9761A /* Info.plist */,
			);
			path = TODOTests;
			sourceTree = "<group>";
		};
		04F183222262CB7600F9761A /* TODOUITests */ = {
			isa = PBXGroup;
			children = (
				04F183232262CB7600F9761A /* TODOUITests.swift */,
				04F183252262CB7600F9761A /* Info.plist */,
			);
			path = TODOUITests;
			sourceTree = "<group>";
		};
/* End PBXGroup section */

/* Begin PBXNativeTarget section */
		04F182FF2262CB7400F9761A /* TODO */ = {
			isa = PBXNativeTarget;
			buildConfigurationList = 04F183282262CB7600F9761A /* Build configuration list for PBXNativeTarget "TODO" */;
			buildPhases = (
				04F182FC2262CB7400F9761A /* Sources */,
				04F182FD2262CB7400F9761A /* Frameworks */,
				04F182FE2262CB7400F9761A /* Resources */,
			);
			buildRules = (
			);
			dependencies = (
			);
			name = TODO;
			productName = TODO;
			productReference = 04F183002262CB7400F9761A /* TODO.app */;
			productType = "com.apple.product-type.application";
		};
		04F183132262CB7600F9761A /* TODOTests */ = {
			isa = PBXNativeTarget;
			buildConfigurationList = 04F1832B2262CB7600F9761A /* Build configuration list for PBXNativeTarget "TODOTests" */;
			buildPhases = (
				04F183102262CB7600F9761A /* Sources */,
				04F183112262CB7600F9761A /* Frameworks */,
				04F183122262CB7600F9761A /* Resources */,
			);
			buildRules = (
			);
			dependencies = (
				04F183162262CB7600F9761A /* PBXTargetDependency */,
			);
			name = TODOTests;
			productName = TODOTests;
			productReference = 04F183142262CB7600F9761A /* TODOTests.xctest */;
			productType = "com.apple.product-type.bundle.unit-test";
		};
		04F1831E2262CB7600F9761A /* TODOUITests */ = {
			isa = PBXNativeTarget;
			buildConfigurationList = 04F1832E2262CB7600F9761A /* Build configuration list for PBXNativeTarget "TODOUITests" */;
			buildPhases = (
				04F1831B2262CB7600F9761A /* Sources */,
				04F1831C2262CB7600F9761A /* Frameworks */,
				04F1831D2262CB7600F9761A /* Resources */,
			);
			buildRules = (
			);
			dependencies = (
				04F183212262CB7600F9761A /* PBXTargetDependency */,
			);
			name = TODOUITests;
			productName = TODOUITests;
			productReference = 04F1831F2262CB7600F9761A /* TODOUITests.xctest */;
			productType = "com.apple.product-type.bundle.ui-testing";
		};
/* End PBXNativeTarget section */

/* Begin PBXProject section */
		04F182F82262CB7400F9761A /* Project object */ = {
			isa = PBXProject;
			attributes = {
				LastSwiftUpdateCheck = 1020;
				LastUpgradeCheck = 1020;
				ORGANIZATIONNAME = mac;
				TargetAttributes = {
					04F182FF2262CB7400F9761A = {
						CreatedOnToolsVersion = 10.2;
					};
					04F183132262CB7600F9761A = {
						CreatedOnToolsVersion = 10.2;
						TestTargetID = 04F182FF2262CB7400F9761A;
					};
					04F1831E2262CB7600F9761A = {
						CreatedOnToolsVersion = 10.2;
						TestTargetID = 04F182FF2262CB7400F9761A;
					};
				};
			};
			buildConfigurationList = 04F182FB2262CB7400F9761A /* Build configuration list for PBXProject "TODO" */;
			compatibilityVersion = "Xcode 9.3";
			developmentRegion = en;
			hasScannedForEncodings = 0;
			knownRegions = (
				en,
				Base,
			);
			mainGroup = 04F182F72262CB7400F9761A;
			productRefGroup = 04F183012262CB7400F9761A /* Products */;
			projectDirPath = "";
			projectRoot = "";
			targets = (
				04F182FF2262CB7400F9761A /* TODO */,
				04F183132262CB7600F9761A /* TODOTests */,
				04F1831E2262CB7600F9761A /* TODOUITests */,
			);
		};
/* End PBXProject section */

/* Begin PBXResourcesBuildPhase section */
		04F182FE2262CB7400F9761A /* Resources */ = {
			isa = PBXResourcesBuildPhase;
			buildActionMask = 2147483647;
			files = (
				04F1830E2262CB7600F9761A /* LaunchScreen.storyboard in Resources */,
				04F1830B2262CB7600F9761A /* Assets.xcassets in Resources */,
				04F183092262CB7400F9761A /* Main.storyboard in Resources */,
			);
			runOnlyForDeploymentPostprocessing = 0;
		};
		04F183122262CB7600F9761A /* Resources */ = {
			isa = PBXResourcesBuildPhase;
			buildActionMask = 2147483647;
			files = (
			);
			runOnlyForDeploymentPostprocessing = 0;
		};
		04F1831D2262CB7600F9761A /* Resources */ = {
			isa = PBXResourcesBuildPhase;
			buildActionMask = 2147483647;
			files = (
			);
			runOnlyForDeploymentPostprocessing = 0;
		};
/* End PBXResourcesBuildPhase section */

/* Begin PBXSourcesBuildPhase section */
		04F182FC2262CB7400F9761A /* Sources */ = {
			isa = PBXSourcesBuildPhase;
			buildActionMask = 2147483647;
			files = (
				04F183062262CB7400F9761A /* TodoListViewController.swift in Sources */,
				0430C3DE2263027600BBF6F3 /* Item.swift in Sources */,
				04F183042262CB7400F9761A /* AppDelegate.swift in Sources */,
			);
			runOnlyForDeploymentPostprocessing = 0;
		};
		04F183102262CB7600F9761A /* Sources */ = {
			isa = PBXSourcesBuildPhase;
			buildActionMask = 2147483647;
			files = (
				04F183192262CB7600F9761A /* TODOTests.swift in Sources */,
			);
			runOnlyForDeploymentPostprocessing = 0;
		};
		04F1831B2262CB7600F9761A /* Sources */ = {
			isa = PBXSourcesBuildPhase;
			buildActionMask = 2147483647;
			files = (
				04F183242262CB7600F9761A /* TODOUITests.swift in Sources */,
			);
			runOnlyForDeploymentPostprocessing = 0;
		};
/* End PBXSourcesBuildPhase section */

/* Begin PBXTargetDependency section */
		04F183162262CB7600F9761A /* PBXTargetDependency */ = {
			isa = PBXTargetDependency;
			target = 04F182FF2262CB7400F9761A /* TODO */;
			targetProxy = 04F183152262CB7600F9761A /* PBXContainerItemProxy */;
		};
		04F183212262CB7600F9761A /* PBXTargetDependency */ = {
			isa = PBXTargetDependency;
			target = 04F182FF2262CB7400F9761A /* TODO */;
			targetProxy = 04F183202262CB7600F9761A /* PBXContainerItemProxy */;
		};
/* End PBXTargetDependency section */

/* Begin PBXVariantGroup section */
		04F183072262CB7400F9761A /* Main.storyboard */ = {
			isa = PBXVariantGroup;
			children = (
				04F183082262CB7400F9761A /* Base */,
			);
			name = Main.storyboard;
			sourceTree = "<group>";
		};
		04F1830C2262CB7600F9761A /* LaunchScreen.storyboard */ = {
			isa = PBXVariantGroup;
			children = (
				04F1830D2262CB7600F9761A /* Base */,
			);
			name = LaunchScreen.storyboard;
			sourceTree = "<group>";
		};
/* End PBXVariantGroup section */

/* Begin XCBuildConfiguration section */
		04F183262262CB7600F9761A /* Debug */ = {
			isa = XCBuildConfiguration;
			buildSettings = {
				ALWAYS_SEARCH_USER_PATHS = NO;
				CLANG_ANALYZER_NONNULL = YES;
				CLANG_ANALYZER_NUMBER_OBJECT_CONVERSION = YES_AGGRESSIVE;
				CLANG_CXX_LANGUAGE_STANDARD = "gnu++14";
				CLANG_CXX_LIBRARY = "libc++";
				CLANG_ENABLE_MODULES = YES;
				CLANG_ENABLE_OBJC_ARC = YES;
				CLANG_ENABLE_OBJC_WEAK = YES;
				CLANG_WARN_BLOCK_CAPTURE_AUTORELEASING = YES;
				CLANG_WARN_BOOL_CONVERSION = YES;
				CLANG_WARN_COMMA = YES;
				CLANG_WARN_CONSTANT_CONVERSION = YES;
				CLANG_WARN_DEPRECATED_OBJC_IMPLEMENTATIONS = YES;
				CLANG_WARN_DIRECT_OBJC_ISA_USAGE = YES_ERROR;
				CLANG_WARN_DOCUMENTATION_COMMENTS = YES;
				CLANG_WARN_EMPTY_BODY = YES;
				CLANG_WARN_ENUM_CONVERSION = YES;
				CLANG_WARN_INFINITE_RECURSION = YES;
				CLANG_WARN_INT_CONVERSION = YES;
				CLANG_WARN_NON_LITERAL_NULL_CONVERSION = YES;
				CLANG_WARN_OBJC_IMPLICIT_RETAIN_SELF = YES;
				CLANG_WARN_OBJC_LITERAL_CONVERSION = YES;
				CLANG_WARN_OBJC_ROOT_CLASS = YES_ERROR;
				CLANG_WARN_RANGE_LOOP_ANALYSIS = YES;
				CLANG_WARN_STRICT_PROTOTYPES = YES;
				CLANG_WARN_SUSPICIOUS_MOVE = YES;
				CLANG_WARN_UNGUARDED_AVAILABILITY = YES_AGGRESSIVE;
				CLANG_WARN_UNREACHABLE_CODE = YES;
				CLANG_WARN__DUPLICATE_METHOD_MATCH = YES;
				CODE_SIGN_IDENTITY = "iPhone Developer";
				COPY_PHASE_STRIP = NO;
				DEBUG_INFORMATION_FORMAT = dwarf;
				ENABLE_STRICT_OBJC_MSGSEND = YES;
				ENABLE_TESTABILITY = YES;
				GCC_C_LANGUAGE_STANDARD = gnu11;
				GCC_DYNAMIC_NO_PIC = NO;
				GCC_NO_COMMON_BLOCKS = YES;
				GCC_OPTIMIZATION_LEVEL = 0;
				GCC_PREPROCESSOR_DEFINITIONS = (
					"DEBUG=1",
					"$(inherited)",
				);
				GCC_WARN_64_TO_32_BIT_CONVERSION = YES;
				GCC_WARN_ABOUT_RETURN_TYPE = YES_ERROR;
				GCC_WARN_UNDECLARED_SELECTOR = YES;
				GCC_WARN_UNINITIALIZED_AUTOS = YES_AGGRESSIVE;
				GCC_WARN_UNUSED_FUNCTION = YES;
				GCC_WARN_UNUSED_VARIABLE = YES;
				IPHONEOS_DEPLOYMENT_TARGET = 12.2;
				MTL_ENABLE_DEBUG_INFO = INCLUDE_SOURCE;
				MTL_FAST_MATH = YES;
				ONLY_ACTIVE_ARCH = YES;
				SDKROOT = iphoneos;
				SWIFT_ACTIVE_COMPILATION_CONDITIONS = DEBUG;
				SWIFT_OPTIMIZATION_LEVEL = "-Onone";
			};
			name = Debug;
		};
		04F183272262CB7600F9761A /* Release */ = {
			isa = XCBuildConfiguration;
			buildSettings = {
				ALWAYS_SEARCH_USER_PATHS = NO;
				CLANG_ANALYZER_NONNULL = YES;
				CLANG_ANALYZER_NUMBER_OBJECT_CONVERSION = YES_AGGRESSIVE;
				CLANG_CXX_LANGUAGE_STANDARD = "gnu++14";
				CLANG_CXX_LIBRARY = "libc++";
				CLANG_ENABLE_MODULES = YES;
				CLANG_ENABLE_OBJC_ARC = YES;
				CLANG_ENABLE_OBJC_WEAK = YES;
				CLANG_WARN_BLOCK_CAPTURE_AUTORELEASING = YES;
				CLANG_WARN_BOOL_CONVERSION = YES;
				CLANG_WARN_COMMA = YES;
				CLANG_WARN_CONSTANT_CONVERSION = YES;
				CLANG_WARN_DEPRECATED_OBJC_IMPLEMENTATIONS = YES;
				CLANG_WARN_DIRECT_OBJC_ISA_USAGE = YES_ERROR;
				CLANG_WARN_DOCUMENTATION_COMMENTS = YES;
				CLANG_WARN_EMPTY_BODY = YES;
				CLANG_WARN_ENUM_CONVERSION = YES;
				CLANG_WARN_INFINITE_RECURSION = YES;
				CLANG_WARN_INT_CONVERSION = YES;
				CLANG_WARN_NON_LITERAL_NULL_CONVERSION = YES;
				CLANG_WARN_OBJC_IMPLICIT_RETAIN_SELF = YES;
				CLANG_WARN_OBJC_LITERAL_CONVERSION = YES;
				CLANG_WARN_OBJC_ROOT_CLASS = YES_ERROR;
				CLANG_WARN_RANGE_LOOP_ANALYSIS = YES;
				CLANG_WARN_STRICT_PROTOTYPES = YES;
				CLANG_WARN_SUSPICIOUS_MOVE = YES;
				CLANG_WARN_UNGUARDED_AVAILABILITY = YES_AGGRESSIVE;
				CLANG_WARN_UNREACHABLE_CODE = YES;
				CLANG_WARN__DUPLICATE_METHOD_MATCH = YES;
				CODE_SIGN_IDENTITY = "iPhone Developer";
				COPY_PHASE_STRIP = NO;
				DEBUG_INFORMATION_FORMAT = "dwarf-with-dsym";
				ENABLE_NS_ASSERTIONS = NO;
				ENABLE_STRICT_OBJC_MSGSEND = YES;
				GCC_C_LANGUAGE_STANDARD = gnu11;
				GCC_NO_COMMON_BLOCKS = YES;
				GCC_WARN_64_TO_32_BIT_CONVERSION = YES;
				GCC_WARN_ABOUT_RETURN_TYPE = YES_ERROR;
				GCC_WARN_UNDECLARED_SELECTOR = YES;
				GCC_WARN_UNINITIALIZED_AUTOS = YES_AGGRESSIVE;
				GCC_WARN_UNUSED_FUNCTION = YES;
				GCC_WARN_UNUSED_VARIABLE = YES;
				IPHONEOS_DEPLOYMENT_TARGET = 12.2;
				MTL_ENABLE_DEBUG_INFO = NO;
				MTL_FAST_MATH = YES;
				SDKROOT = iphoneos;
				SWIFT_COMPILATION_MODE = wholemodule;
				SWIFT_OPTIMIZATION_LEVEL = "-O";
				VALIDATE_PRODUCT = YES;
			};
			name = Release;
		};
		04F183292262CB7600F9761A /* Debug */ = {
			isa = XCBuildConfiguration;
			buildSettings = {
				ASSETCATALOG_COMPILER_APPICON_NAME = AppIcon;
				CODE_SIGN_STYLE = Automatic;
				INFOPLIST_FILE = TODO/Info.plist;
				LD_RUNPATH_SEARCH_PATHS = (
					"$(inherited)",
					"@executable_path/Frameworks",
				);
				PRODUCT_BUNDLE_IDENTIFIER = zkq.TODO;
				PRODUCT_NAME = "$(TARGET_NAME)";
				SWIFT_VERSION = 5.0;
				TARGETED_DEVICE_FAMILY = "1,2";
			};
			name = Debug;
		};
		04F1832A2262CB7600F9761A /* Release */ = {
			isa = XCBuildConfiguration;
			buildSettings = {
				ASSETCATALOG_COMPILER_APPICON_NAME = AppIcon;
				CODE_SIGN_STYLE = Automatic;
				INFOPLIST_FILE = TODO/Info.plist;
				LD_RUNPATH_SEARCH_PATHS = (
					"$(inherited)",
					"@executable_path/Frameworks",
				);
				PRODUCT_BUNDLE_IDENTIFIER = zkq.TODO;
				PRODUCT_NAME = "$(TARGET_NAME)";
				SWIFT_VERSION = 5.0;
				TARGETED_DEVICE_FAMILY = "1,2";
			};
			name = Release;
		};
		04F1832C2262CB7600F9761A /* Debug */ = {
			isa = XCBuildConfiguration;
			buildSettings = {
				ALWAYS_EMBED_SWIFT_STANDARD_LIBRARIES = YES;
				BUNDLE_LOADER = "$(TEST_HOST)";
				CODE_SIGN_STYLE = Automatic;
				INFOPLIST_FILE = TODOTests/Info.plist;
				LD_RUNPATH_SEARCH_PATHS = (
					"$(inherited)",
					"@executable_path/Frameworks",
					"@loader_path/Frameworks",
				);
				PRODUCT_BUNDLE_IDENTIFIER = zkq.TODOTests;
				PRODUCT_NAME = "$(TARGET_NAME)";
				SWIFT_VERSION = 5.0;
				TARGETED_DEVICE_FAMILY = "1,2";
				TEST_HOST = "$(BUILT_PRODUCTS_DIR)/TODO.app/TODO";
			};
			name = Debug;
		};
		04F1832D2262CB7600F9761A /* Release */ = {
			isa = XCBuildConfiguration;
			buildSettings = {
				ALWAYS_EMBED_SWIFT_STANDARD_LIBRARIES = YES;
				BUNDLE_LOADER = "$(TEST_HOST)";
				CODE_SIGN_STYLE = Automatic;
				INFOPLIST_FILE = TODOTests/Info.plist;
				LD_RUNPATH_SEARCH_PATHS = (
					"$(inherited)",
					"@executable_path/Frameworks",
					"@loader_path/Frameworks",
				);
				PRODUCT_BUNDLE_IDENTIFIER = zkq.TODOTests;
				PRODUCT_NAME = "$(TARGET_NAME)";
				SWIFT_VERSION = 5.0;
				TARGETED_DEVICE_FAMILY = "1,2";
				TEST_HOST = "$(BUILT_PRODUCTS_DIR)/TODO.app/TODO";
			};
			name = Release;
		};
		04F1832F2262CB7600F9761A /* Debug */ = {
			isa = XCBuildConfiguration;
			buildSettings = {
				ALWAYS_EMBED_SWIFT_STANDARD_LIBRARIES = YES;
				CODE_SIGN_STYLE = Automatic;
				INFOPLIST_FILE = TODOUITests/Info.plist;
				LD_RUNPATH_SEARCH_PATHS = (
					"$(inherited)",
					"@executable_path/Frameworks",
					"@loader_path/Frameworks",
				);
				PRODUCT_BUNDLE_IDENTIFIER = zkq.TODOUITests;
				PRODUCT_NAME = "$(TARGET_NAME)";
				SWIFT_VERSION = 5.0;
				TARGETED_DEVICE_FAMILY = "1,2";
				TEST_TARGET_NAME = TODO;
			};
			name = Debug;
		};
		04F183302262CB7600F9761A /* Release */ = {
			isa = XCBuildConfiguration;
			buildSettings = {
				ALWAYS_EMBED_SWIFT_STANDARD_LIBRARIES = YES;
				CODE_SIGN_STYLE = Automatic;
				INFOPLIST_FILE = TODOUITests/Info.plist;
				LD_RUNPATH_SEARCH_PATHS = (
					"$(inherited)",
					"@executable_path/Frameworks",
					"@loader_path/Frameworks",
				);
				PRODUCT_BUNDLE_IDENTIFIER = zkq.TODOUITests;
				PRODUCT_NAME = "$(TARGET_NAME)";
				SWIFT_VERSION = 5.0;
				TARGETED_DEVICE_FAMILY = "1,2";
				TEST_TARGET_NAME = TODO;
			};
			name = Release;
		};
/* End XCBuildConfiguration section */

/* Begin XCConfigurationList section */
		04F182FB2262CB7400F9761A /* Build configuration list for PBXProject "TODO" */ = {
			isa = XCConfigurationList;
			buildConfigurations = (
				04F183262262CB7600F9761A /* Debug */,
				04F183272262CB7600F9761A /* Release */,
			);
			defaultConfigurationIsVisible = 0;
			defaultConfigurationName = Release;
		};
		04F183282262CB7600F9761A /* Build configuration list for PBXNativeTarget "TODO" */ = {
			isa = XCConfigurationList;
			buildConfigurations = (
				04F183292262CB7600F9761A /* Debug */,
				04F1832A2262CB7600F9761A /* Release */,
			);
			defaultConfigurationIsVisible = 0;
			defaultConfigurationName = Release;
		};
		04F1832B2262CB7600F9761A /* Build configuration list for PBXNativeTarget "TODOTests" */ = {
			isa = XCConfigurationList;
			buildConfigurations = (
				04F1832C2262CB7600F9761A /* Debug */,
				04F1832D2262CB7600F9761A /* Release */,
			);
			defaultConfigurationIsVisible = 0;
			defaultConfigurationName = Release;
		};
		04F1832E2262CB7600F9761A /* Build configuration list for PBXNativeTarget "TODOUITests" */ = {
			isa = XCConfigurationList;
			buildConfigurations = (
				04F1832F2262CB7600F9761A /* Debug */,
				04F183302262CB7600F9761A /* Release */,
			);
			defaultConfigurationIsVisible = 0;
			defaultConfigurationName = Release;
		};
/* End XCConfigurationList section */
	};
	rootObject = 04F182F82262CB7400F9761A /* Project object */;
}
